<?xml version="1.0" encoding="utf-8"?>
<Project ToolsVersion="17.0" xmlns="http://schemas.microsoft.com/developer/msbuild/2003">
  <ItemGroup>
    <ClCompile Include="D:\Git\karaoke_new_version\AudioService\src\realtime\RealtimeInstrumentation.cpp">
      <Filter>Source Files</Filter>
    </ClCompile>
    <ClCompile Include="D:\Git\karaoke_new_version\AudioService\src\realtime\RealtimeBufferPool.cpp">
      <Filter>Source Files</Filter>
    </ClCompile>
    <ClCompile Include="D:\Git\karaoke_new_version\AudioService\src\diagnostics\GraphIntrospection.cpp">
      <Filter>Source Files</Filter>
    </ClCompile>
    <ClCompile Include="D:\Git\karaoke_new_version\AudioService\src\analysis\AnalysisEngine.cpp">
      <Filter>Source Files</Filter>
    </ClCompile>
    <ClCompile Include="D:\Git\karaoke_new_version\AudioService\src\analysis\SignalMetrics.cpp">
      <Filter>Source Files</Filter>
    </ClCompile>
    <ClCompile Include="D:\Git\karaoke_new_version\AudioService\src\analysis\OutputSpectrum.cpp">
      <Filter>Source Files</Filter>
    </ClCompile>
    <ClCompile Include="D:\Git\karaoke_new_version\AudioService\src\app\AudioService.cpp">
      <Filter>Source Files</Filter>
    </ClCompile>
    <ClCompile Include="D:\Git\karaoke_new_version\AudioService\src\app\AudioServiceCommands.cpp">
      <Filter>Source Files</Filter>
    </ClCompile>
    <ClCompile Include="D:\Git\karaoke_new_version\AudioService\src\backend\fake\FakeAudioBackend.cpp">
      <Filter>Source Files</Filter>
    </ClCompile>
    <ClCompile Include="D:\Git\karaoke_new_version\AudioService\src\backend\BackendSelection.cpp">
      <Filter>Source Files</Filter>
    </ClCompile>
    <ClCompile Include="D:\Git\karaoke_new_version\AudioService\src\clock\ClockBridge.cpp">
      <Filter>Source Files</Filter>
    </ClCompile>
    <ClCompile Include="D:\Git\karaoke_new_version\AudioService\src\clock\ClockSynchronizer.cpp">
      <Filter>Source Files</Filter>
    </ClCompile>
    <ClCompile Include="D:\Git\karaoke_new_version\AudioService\src\diagnostics\LatencyRegistry.cpp">
      <Filter>Source Files</Filter>
    </ClCompile>
    <ClCompile Include="D:\Git\karaoke_new_version\AudioService\src\diagnostics\TraceBuffer.cpp">
      <Filter>Source Files</Filter>
    </ClCompile>
    <ClCompile Include="D:\Git\karaoke_new_version\AudioService\src\dsp\BasicProcessors.cpp">
      <Filter>Source Files</Filter>
    </ClCompile>
    <ClCompile Include="D:\Git\karaoke_new_version\AudioService\src\dsp\DspChain.cpp">
      <Filter>Source Files</Filter>
    </ClCompile>
    <ClCompile Include="D:\Git\karaoke_new_version\AudioService\src\graph\Mixer.cpp">
      <Filter>Source Files</Filter>
    </ClCompile>
    <ClCompile Include="D:\Git\karaoke_new_version\AudioService\src\ipc\ControlProtocol.cpp">
      <Filter>Source Files</Filter>
    </ClCompile>
    <ClCompile Include="D:\Git\karaoke_new_version\AudioService\src\media\MediaController.cpp">
      <Filter>Source Files</Filter>
    </ClCompile>
    <ClCompile Include="D:\Git\karaoke_new_version\AudioService\src\media\DecoderFactory.cpp">
      <Filter>Source Files</Filter>
    </ClCompile>
    <ClCompile Include="D:\Git\karaoke_new_version\AudioService\src\media\MediaSource.cpp">
      <Filter>Source Files</Filter>
    </ClCompile>
    <ClCompile Include="D:\Git\karaoke_new_version\AudioService\src\media\RateTransposeProcessor.cpp">
      <Filter>Source Files</Filter>
    </ClCompile>
    <ClCompile Include="D:\Git\karaoke_new_version\AudioService\src\media\WavDecoder.cpp">
      <Filter>Source Files</Filter>
    </ClCompile>
    <ClCompile Include="D:\Git\karaoke_new_version\AudioService\src\network\AdaptiveJitterBuffer.cpp">
      <Filter>Source Files</Filter>
    </ClCompile>
    <ClCompile Include="D:\Git\karaoke_new_version\AudioService\src\network\NetworkAudioEngine.cpp">
      <Filter>Source Files</Filter>
    </ClCompile>
    <ClCompile Include="D:\Git\karaoke_new_version\AudioService\src\network\NetworkTestRunner.cpp">
      <Filter>Source Files</Filter>
    </ClCompile>
    <ClCompile Include="D:\Git\karaoke_new_version\AudioService\src\network\NetworkTestCommand.cpp">
      <Filter>Source Files</Filter>
    </ClCompile>
    <ClCompile Include="D:\Git\karaoke_new_version\AudioService\src\network\OpusCodec.cpp">
      <Filter>Source Files</Filter>
    </ClCompile>
    <ClCompile Include="D:\Git\karaoke_new_version\AudioService\src\network\UdpSocket.cpp">
      <Filter>Source Files</Filter>
    </ClCompile>
    <ClCompile Include="D:\Git\karaoke_new_version\AudioService\src\diagnostics\AcousticLatencyMeter.cpp">
      <Filter>Source Files</Filter>
    </ClCompile>
    <ClCompile Include="D:\Git\karaoke_new_version\AudioService\src\diagnostics\PassiveLatencyEstimator.cpp">
      <Filter>Source Files</Filter>
    </ClCompile>
    <ClCompile Include="D:\Git\karaoke_new_version\AudioService\src\recording\PerformanceAligner.cpp">
      <Filter>Source Files</Filter>
    </ClCompile>
    <ClCompile Include="D:\Git\karaoke_new_version\AudioService\src\recording\RecordingEngine.cpp">
      <Filter>Source Files</Filter>
    </ClCompile>
    <ClCompile Include="D:\Git\karaoke_new_version\AudioService\src\recording\WavWriter.cpp">
      <Filter>Source Files</Filter>
    </ClCompile>
    <ClCompile Include="D:\Git\karaoke_new_version\AudioService\src\realtime\PcmRingBuffer.cpp">
      <Filter>Source Files</Filter>
    </ClCompile>
    <ClCompile Include="D:\Git\karaoke_new_version\AudioService\src\realtime\RealtimeEngine.cpp">
      <Filter>Source Files</Filter>
    </ClCompile>
    <ClCompile Include="D:\Git\karaoke_new_version\AudioService\src\session\SessionManager.cpp">
      <Filter>Source Files</Filter>
    </ClCompile>
    <ClCompile Include="D:\Git\karaoke_new_version\AudioService\src\backend\wasapi\WasapiBackend.cpp">
      <Filter>Source Files</Filter>
    </ClCompile>
    <ClCompile Include="D:\Git\karaoke_new_version\AudioService\src\backend\wasapi\WasapiPcm.cpp">
      <Filter>Source Files</Filter>
    </ClCompile>
    <ClCompile Include="D:\Git\karaoke_new_version\AudioService\src\backend\wasapi\SystemVolumeFollower.cpp">
      <Filter>Source Files</Filter>
    </ClCompile>
    <ClCompile Include="D:\Git\karaoke_new_version\AudioService\src\devices\WindowsDeviceManager.cpp">
      <Filter>Source Files</Filter>
    </ClCompile>
    <ClCompile Include="D:\Git\karaoke_new_version\AudioService\src\media\MediaFoundationDecoder.cpp">
      <Filter>Source Files</Filter>
    </ClCompile>
    <ClCompile Include="D:\Git\karaoke_new_version\AudioService\src\ipc\NamedPipeServer.cpp">
      <Filter>Source Files</Filter>
    </ClCompile>
    <ClCompile Include="D:\Git\karaoke_new_version\AudioService\src\backend\asio\AsioBackend.cpp">
      <Filter>Source Files</Filter>
    </ClCompile>
    <ClCompile Include="D:\Git\karaoke_new_version\AudioService\src\backend\asio\AsioComApartment.cpp">
      <Filter>Source Files</Filter>
    </ClCompile>
    <ClCompile Include="D:\Git\karaoke_new_version\AudioService\src\backend\asio\AsioSampleConversion.cpp">
      <Filter>Source Files</Filter>
    </ClCompile>
  </ItemGroup>
  <ItemGroup>
    <CustomBuild Include="D:\Git\karaoke_new_version\AudioService\CMakeLists.txt" />
  </ItemGroup>
  <ItemGroup>
    <Filter Include="Source Files">
      <UniqueIdentifier>{9518404F-0B85-3EDE-ABB5-26AB520CEFB8}</UniqueIdentifier>
    </Filter>
  </ItemGroup>
</Project>
